Microsoft Visual Studio Solution File, Format Version 12.00
# Visual Studio 2012
Project("{8BC9CEB8-8B4A-11D0-8D11-00A0C91BC942}") = "hackshield", "hackshield\hackshield.vcxproj", "{3C0F1EE2-232A-48BB-9351-E9A82B19258C}"
EndProject
Global
	GlobalSection(SolutionConfigurationPlatforms) = preSolution
		Debug|Win32 = Debug|Win32
		Release|Win32 = Release|Win32
	EndGlobalSection
	GlobalSection(ProjectConfigurationPlatforms) = postSolution
		{3C0F1EE2-232A-48BB-9351-E9A82B19258C}.Debug|Win32.ActiveCfg = Debug|Win32
		{3C0F1EE2-232A-48BB-9351-E9A82B19258C}.Debug|Win32.Build.0 = Debug|Win32
		{3C0F1EE2-232A-48BB-9351-E9A82B19258C}.Release|Win32.ActiveCfg = Release|Win32
		{3C0F1EE2-232A-48BB-9351-E9A82B19258C}.Release|Win32.Build.0 = Release|Win32
	EndGlobalSection
	GlobalSection(SolutionProperties) = preSolution
		HideSolutionNode = FALSE
	EndGlobalSection
EndGlobal
